
Microsoft Visual Studio Solution File, Format Version 12.00
# Visual Studio Version 16
VisualStudioVersion = 16.0.31727.386
MinimumVisualStudioVersion = 10.0.40219.1
Project("{FAE04EC0-301F-11D3-BF4B-00C04F79EFBC}") = "H5Net", "H5Net\H5Net.csproj", "{AFFA6A42-B8F9-4076-A7CC-6F424CF33FCC}"
EndProject
Project("{FAE04EC0-301F-11D3-BF4B-00C04F79EFBC}") = "H5AuthData", "H5AuthData\H5AuthData.csproj", "{2F1C791B-439A-48DE-91F4-1DDF50F5B21F}"
EndProject
Project("{FAE04EC0-301F-11D3-BF4B-00C04F79EFBC}") = "AuthenticationWindow", "AuthenticationWindow\AuthenticationWindow\AuthenticationWindow.csproj", "{496CDD0C-B9F1-40D0-9318-FC222D56546B}"
EndProject
Global
	GlobalSection(SolutionConfigurationPlatforms) = preSolution
		Debug|Any CPU = Debug|Any CPU
		Release|Any CPU = Release|Any CPU
	EndGlobalSection
	GlobalSection(ProjectConfigurationPlatforms) = postSolution
		{AFFA6A42-B8F9-4076-A7CC-6F424CF33FCC}.Debug|Any CPU.ActiveCfg = Debug|Any CPU
		{AFFA6A42-B8F9-4076-A7CC-6F424CF33FCC}.Debug|Any CPU.Build.0 = Debug|Any CPU
		{AFFA6A42-B8F9-4076-A7CC-6F424CF33FCC}.Release|Any CPU.ActiveCfg = Release|Any CPU
		{AFFA6A42-B8F9-4076-A7CC-6F424CF33FCC}.Release|Any CPU.Build.0 = Release|Any CPU
		{2F1C791B-439A-48DE-91F4-1DDF50F5B21F}.Debug|Any CPU.ActiveCfg = Debug|Any CPU
		{2F1C791B-439A-48DE-91F4-1DDF50F5B21F}.Debug|Any CPU.Build.0 = Debug|Any CPU
		{2F1C791B-439A-48DE-91F4-1DDF50F5B21F}.Release|Any CPU.ActiveCfg = Release|Any CPU
		{2F1C791B-439A-48DE-91F4-1DDF50F5B21F}.Release|Any CPU.Build.0 = Release|Any CPU
		{496CDD0C-B9F1-40D0-9318-FC222D56546B}.Debug|Any CPU.ActiveCfg = Debug|Any CPU
		{496CDD0C-B9F1-40D0-9318-FC222D56546B}.Debug|Any CPU.Build.0 = Debug|Any CPU
		{496CDD0C-B9F1-40D0-9318-FC222D56546B}.Release|Any CPU.ActiveCfg = Release|Any CPU
		{496CDD0C-B9F1-40D0-9318-FC222D56546B}.Release|Any CPU.Build.0 = Release|Any CPU
	EndGlobalSection
	GlobalSection(SolutionProperties) = preSolution
		HideSolutionNode = FALSE
	EndGlobalSection
	GlobalSection(ExtensibilityGlobals) = postSolution
		SolutionGuid = {50B3FD70-3F63-4727-A0B3-F7E0E139266B}
	EndGlobalSection
EndGlobal
